
Microsoft Visual Studio Solution File, Format Version 12.00
# Visual Studio 14
VisualStudioVersion = 14.0.25420.1
MinimumVisualStudioVersion = 10.0.40219.1
Project("{A07B5EB6-E848-4116-A8D0-A826331D98C6}") = "Store", "Store\Store.sfproj", "{B719D878-31A9-4060-BB99-55C84F98BA44}"
EndProject
Project("{FAE04EC0-301F-11D3-BF4B-00C04F79EFBC}") = "Catalog.Service", "Catalog.Service\Catalog.Service.csproj", "{0F4429A5-5B85-4346-8602-E7F390F673AB}"
EndProject
Project("{FAE04EC0-301F-11D3-BF4B-00C04F79EFBC}") = "Catalog.Domain.Core", "Catalog.Domain.Core\Catalog.Domain.Core.csproj", "{ED239013-ED02-44A2-8B1C-1B56243CD0D0}"
EndProject
Project("{FAE04EC0-301F-11D3-BF4B-00C04F79EFBC}") = "Catalog.Domain.Interfaces", "Catalog.Domain.Interfaces\Catalog.Domain.Interfaces.csproj", "{AA57B6DD-E045-438C-8576-269C6CC55F40}"
EndProject
Project("{FAE04EC0-301F-11D3-BF4B-00C04F79EFBC}") = "Catalog.Infrastructure.Data", "Catalog.Infrastructure.Data\Catalog.Infrastructure.Data.csproj", "{B3AF79B9-3757-48F8-921A-EE8703FD877A}"
EndProject
Project("{8BB2217D-0F2D-49D1-97BC-3654ED321F3B}") = "Store.Gateway", "Store.Gateway\Store.Gateway.xproj", "{493343A8-A055-4538-9DD0-F12F2A3425A4}"
EndProject
Project("{FAE04EC0-301F-11D3-BF4B-00C04F79EFBC}") = "Catalog.Service.Interfaces", "Catalog.Service.Interfaces\Catalog.Service.Interfaces.csproj", "{5CEFAC2B-C1D7-454F-A94C-1D2DCBBA5F98}"
EndProject
Project("{8BB2217D-0F2D-49D1-97BC-3654ED321F3B}") = "Store.Frontend", "Store.Frontend\Store.Frontend.xproj", "{1853246D-8EDD-456E-B096-2B0BD1D6995C}"
EndProject
Project("{2150E333-8FDC-42A3-9474-1A3956D46DE8}") = "Services", "Services", "{750A067C-543D-4EAE-A846-4E68FF221AAA}"
EndProject
Project("{2150E333-8FDC-42A3-9474-1A3956D46DE8}") = "Catalog", "Catalog", "{ED7355AC-D5E6-4C13-9252-8C4A3BDD7607}"
EndProject
Global
	GlobalSection(SolutionConfigurationPlatforms) = preSolution
		Debug|Any CPU = Debug|Any CPU
		Debug|x64 = Debug|x64
		Release|Any CPU = Release|Any CPU
		Release|x64 = Release|x64
	EndGlobalSection
	GlobalSection(ProjectConfigurationPlatforms) = postSolution
		{B719D878-31A9-4060-BB99-55C84F98BA44}.Debug|Any CPU.ActiveCfg = Debug|x64
		{B719D878-31A9-4060-BB99-55C84F98BA44}.Debug|x64.ActiveCfg = Debug|x64
		{B719D878-31A9-4060-BB99-55C84F98BA44}.Debug|x64.Build.0 = Debug|x64
		{B719D878-31A9-4060-BB99-55C84F98BA44}.Debug|x64.Deploy.0 = Debug|x64
		{B719D878-31A9-4060-BB99-55C84F98BA44}.Release|Any CPU.ActiveCfg = Release|x64
		{B719D878-31A9-4060-BB99-55C84F98BA44}.Release|x64.ActiveCfg = Release|x64
		{B719D878-31A9-4060-BB99-55C84F98BA44}.Release|x64.Build.0 = Release|x64
		{B719D878-31A9-4060-BB99-55C84F98BA44}.Release|x64.Deploy.0 = Release|x64
		{0F4429A5-5B85-4346-8602-E7F390F673AB}.Debug|Any CPU.ActiveCfg = Debug|x64
		{0F4429A5-5B85-4346-8602-E7F390F673AB}.Debug|x64.ActiveCfg = Debug|x64
		{0F4429A5-5B85-4346-8602-E7F390F673AB}.Debug|x64.Build.0 = Debug|x64
		{0F4429A5-5B85-4346-8602-E7F390F673AB}.Release|Any CPU.ActiveCfg = Release|x64
		{0F4429A5-5B85-4346-8602-E7F390F673AB}.Release|x64.ActiveCfg = Release|x64
		{0F4429A5-5B85-4346-8602-E7F390F673AB}.Release|x64.Build.0 = Release|x64
		{ED239013-ED02-44A2-8B1C-1B56243CD0D0}.Debug|Any CPU.ActiveCfg = Debug|Any CPU
		{ED239013-ED02-44A2-8B1C-1B56243CD0D0}.Debug|Any CPU.Build.0 = Debug|Any CPU
		{ED239013-ED02-44A2-8B1C-1B56243CD0D0}.Debug|x64.ActiveCfg = Debug|Any CPU
		{ED239013-ED02-44A2-8B1C-1B56243CD0D0}.Debug|x64.Build.0 = Debug|Any CPU
		{ED239013-ED02-44A2-8B1C-1B56243CD0D0}.Release|Any CPU.ActiveCfg = Release|Any CPU
		{ED239013-ED02-44A2-8B1C-1B56243CD0D0}.Release|Any CPU.Build.0 = Release|Any CPU
		{ED239013-ED02-44A2-8B1C-1B56243CD0D0}.Release|x64.ActiveCfg = Release|Any CPU
		{ED239013-ED02-44A2-8B1C-1B56243CD0D0}.Release|x64.Build.0 = Release|Any CPU
		{AA57B6DD-E045-438C-8576-269C6CC55F40}.Debug|Any CPU.ActiveCfg = Debug|Any CPU
		{AA57B6DD-E045-438C-8576-269C6CC55F40}.Debug|Any CPU.Build.0 = Debug|Any CPU
		{AA57B6DD-E045-438C-8576-269C6CC55F40}.Debug|x64.ActiveCfg = Debug|Any CPU
		{AA57B6DD-E045-438C-8576-269C6CC55F40}.Debug|x64.Build.0 = Debug|Any CPU
		{AA57B6DD-E045-438C-8576-269C6CC55F40}.Release|Any CPU.ActiveCfg = Release|Any CPU
		{AA57B6DD-E045-438C-8576-269C6CC55F40}.Release|Any CPU.Build.0 = Release|Any CPU
		{AA57B6DD-E045-438C-8576-269C6CC55F40}.Release|x64.ActiveCfg = Release|Any CPU
		{AA57B6DD-E045-438C-8576-269C6CC55F40}.Release|x64.Build.0 = Release|Any CPU
		{B3AF79B9-3757-48F8-921A-EE8703FD877A}.Debug|Any CPU.ActiveCfg = Debug|Any CPU
		{B3AF79B9-3757-48F8-921A-EE8703FD877A}.Debug|Any CPU.Build.0 = Debug|Any CPU
		{B3AF79B9-3757-48F8-921A-EE8703FD877A}.Debug|x64.ActiveCfg = Debug|Any CPU
		{B3AF79B9-3757-48F8-921A-EE8703FD877A}.Debug|x64.Build.0 = Debug|Any CPU
		{B3AF79B9-3757-48F8-921A-EE8703FD877A}.Release|Any CPU.ActiveCfg = Release|Any CPU
		{B3AF79B9-3757-48F8-921A-EE8703FD877A}.Release|Any CPU.Build.0 = Release|Any CPU
		{B3AF79B9-3757-48F8-921A-EE8703FD877A}.Release|x64.ActiveCfg = Release|Any CPU
		{B3AF79B9-3757-48F8-921A-EE8703FD877A}.Release|x64.Build.0 = Release|Any CPU
		{493343A8-A055-4538-9DD0-F12F2A3425A4}.Debug|Any CPU.ActiveCfg = Debug|Any CPU
		{493343A8-A055-4538-9DD0-F12F2A3425A4}.Debug|Any CPU.Build.0 = Debug|Any CPU
		{493343A8-A055-4538-9DD0-F12F2A3425A4}.Debug|x64.ActiveCfg = Debug|Any CPU
		{493343A8-A055-4538-9DD0-F12F2A3425A4}.Debug|x64.Build.0 = Debug|Any CPU
		{493343A8-A055-4538-9DD0-F12F2A3425A4}.Release|Any CPU.ActiveCfg = Release|Any CPU
		{493343A8-A055-4538-9DD0-F12F2A3425A4}.Release|Any CPU.Build.0 = Release|Any CPU
		{493343A8-A055-4538-9DD0-F12F2A3425A4}.Release|x64.ActiveCfg = Release|Any CPU
		{493343A8-A055-4538-9DD0-F12F2A3425A4}.Release|x64.Build.0 = Release|Any CPU
		{5CEFAC2B-C1D7-454F-A94C-1D2DCBBA5F98}.Debug|Any CPU.ActiveCfg = Debug|Any CPU
		{5CEFAC2B-C1D7-454F-A94C-1D2DCBBA5F98}.Debug|Any CPU.Build.0 = Debug|Any CPU
		{5CEFAC2B-C1D7-454F-A94C-1D2DCBBA5F98}.Debug|x64.ActiveCfg = Debug|Any CPU
		{5CEFAC2B-C1D7-454F-A94C-1D2DCBBA5F98}.Debug|x64.Build.0 = Debug|Any CPU
		{5CEFAC2B-C1D7-454F-A94C-1D2DCBBA5F98}.Release|Any CPU.ActiveCfg = Release|Any CPU
		{5CEFAC2B-C1D7-454F-A94C-1D2DCBBA5F98}.Release|Any CPU.Build.0 = Release|Any CPU
		{5CEFAC2B-C1D7-454F-A94C-1D2DCBBA5F98}.Release|x64.ActiveCfg = Release|Any CPU
		{5CEFAC2B-C1D7-454F-A94C-1D2DCBBA5F98}.Release|x64.Build.0 = Release|Any CPU
		{1853246D-8EDD-456E-B096-2B0BD1D6995C}.Debug|Any CPU.ActiveCfg = Debug|Any CPU
		{1853246D-8EDD-456E-B096-2B0BD1D6995C}.Debug|Any CPU.Build.0 = Debug|Any CPU
		{1853246D-8EDD-456E-B096-2B0BD1D6995C}.Debug|x64.ActiveCfg = Debug|Any CPU
		{1853246D-8EDD-456E-B096-2B0BD1D6995C}.Debug|x64.Build.0 = Debug|Any CPU
		{1853246D-8EDD-456E-B096-2B0BD1D6995C}.Release|Any CPU.ActiveCfg = Release|Any CPU
		{1853246D-8EDD-456E-B096-2B0BD1D6995C}.Release|Any CPU.Build.0 = Release|Any CPU
		{1853246D-8EDD-456E-B096-2B0BD1D6995C}.Release|x64.ActiveCfg = Release|Any CPU
		{1853246D-8EDD-456E-B096-2B0BD1D6995C}.Release|x64.Build.0 = Release|Any CPU
	EndGlobalSection
	GlobalSection(SolutionProperties) = preSolution
		HideSolutionNode = FALSE
	EndGlobalSection
	GlobalSection(NestedProjects) = preSolution
		{0F4429A5-5B85-4346-8602-E7F390F673AB} = {ED7355AC-D5E6-4C13-9252-8C4A3BDD7607}
		{ED239013-ED02-44A2-8B1C-1B56243CD0D0} = {ED7355AC-D5E6-4C13-9252-8C4A3BDD7607}
		{AA57B6DD-E045-438C-8576-269C6CC55F40} = {ED7355AC-D5E6-4C13-9252-8C4A3BDD7607}
		{B3AF79B9-3757-48F8-921A-EE8703FD877A} = {ED7355AC-D5E6-4C13-9252-8C4A3BDD7607}
		{5CEFAC2B-C1D7-454F-A94C-1D2DCBBA5F98} = {ED7355AC-D5E6-4C13-9252-8C4A3BDD7607}
		{ED7355AC-D5E6-4C13-9252-8C4A3BDD7607} = {750A067C-543D-4EAE-A846-4E68FF221AAA}
	EndGlobalSection
EndGlobal
